{
  "version": 4,
  "terraform_version": "1.3.1",
  "serial": 27,
  "lineage": "21c0f903-3238-f5af-5f59-d46efa8406f8",
  "outputs": {},
  "resources": [
    {
      "mode": "data",
      "type": "archive_file",
      "name": "source",
      "provider": "provider[\"registry.terraform.io/hashicorp/archive\"]",
      "instances": [
        {
          "schema_version": 0,
          "attributes": {
            "excludes": null,
            "id": "5c91cb7c43c6f4fd6a4013c1afa92300fe685d1f",
            "output_base64sha256": "ZF5i1+HHYHWiEdOc4FZJYxb4HdFqweMbz7jMTfKVwRs=",
            "output_file_mode": null,
            "output_md5": "9b578548f4a1113ccfa957d25328a05b",
            "output_path": "/tmp/function.zip",
            "output_sha": "5c91cb7c43c6f4fd6a4013c1afa92300fe685d1f",
            "output_size": 586,
            "source": [],
            "source_content": null,
            "source_content_filename": null,
            "source_dir": "../src",
            "source_file": null,
            "type": "zip"
          },
          "sensitive_attributes": []
        }
      ]
    },
    {
      "mode": "managed",
      "type": "google_cloudfunctions_function",
      "name": "tob_cloud_function",
      "provider": "provider[\"registry.terraform.io/hashicorp/google\"]",
      "instances": [
        {
          "status": "tainted",
          "schema_version": 0,
          "attributes": {
            "available_memory_mb": 256,
            "build_environment_variables": null,
            "build_worker_pool": null,
            "description": null,
            "docker_registry": null,
            "docker_repository": null,
            "entry_point": "hello_world",
            "environment_variables": null,
            "event_trigger": [
              {
                "event_type": "google.storage.object.finalize",
                "failure_policy": [],
                "resource": "my-test-project-364606-input"
              }
            ],
            "https_trigger_security_level": null,
            "https_trigger_url": null,
            "id": "projects/my-test-project-364606/locations/europe-west1/functions/function-trigger1t-on-gcs",
            "ingress_settings": "ALLOW_ALL",
            "kms_key_name": null,
            "labels": null,
            "max_instances": 0,
            "min_instances": null,
            "name": "function-trigger1t-on-gcs",
            "project": null,
            "region": null,
            "runtime": "python37",
            "secret_environment_variables": [],
            "secret_volumes": [],
            "service_account_email": "my-test-project-364606@appspot.gserviceaccount.com",
            "source_archive_bucket": "my-test-project-364606-function1",
            "source_archive_object": "src-9b578548f4a1113ccfa957d25328a05b.zip",
            "source_repository": [],
            "timeout": 60,
            "timeouts": null,
            "trigger_http": null,
            "vpc_connector": null,
            "vpc_connector_egress_settings": null
          },
          "sensitive_attributes": [],
          "private": "eyJlMmJmYjczMC1lY2FhLTExZTYtOGY4OC0zNDM2M2JjN2M0YzAiOnsiY3JlYXRlIjozMDAwMDAwMDAwMDAsImRlbGV0ZSI6MzAwMDAwMDAwMDAwLCJyZWFkIjozMDAwMDAwMDAwMDAsInVwZGF0ZSI6MzAwMDAwMDAwMDAwfX0=",
          "dependencies": [
            "data.archive_file.source",
            "google_storage_bucket.function_bucket",
            "google_storage_bucket_object.zip"
          ]
        }
      ]
    },
    {
      "mode": "managed",
      "type": "google_project_service",
      "name": "cloud_build",
      "provider": "provider[\"registry.terraform.io/hashicorp/google\"]",
      "instances": []
    },
    {
      "mode": "managed",
      "type": "google_project_service",
      "name": "firestore",
      "provider": "provider[\"registry.terraform.io/hashicorp/google\"]",
      "instances": []
    },
    {
      "mode": "managed",
      "type": "google_storage_bucket",
      "name": "function_bucket",
      "provider": "provider[\"registry.terraform.io/hashicorp/google\"]",
      "instances": [
        {
          "schema_version": 0,
          "attributes": {
            "cors": [],
            "default_event_based_hold": false,
            "encryption": [],
            "force_destroy": false,
            "id": "my-test-project-364606-function1",
            "labels": {},
            "lifecycle_rule": [],
            "location": "EUROPE-WEST1",
            "logging": [],
            "name": "my-test-project-364606-function1",
            "project": "my-test-project-364606",
            "requester_pays": false,
            "retention_policy": [],
            "self_link": "https://www.googleapis.com/storage/v1/b/my-test-project-364606-function1",
            "storage_class": "STANDARD",
            "timeouts": null,
            "uniform_bucket_level_access": false,
            "url": "gs://my-test-project-364606-function1",
            "versioning": [],
            "website": []
          },
          "sensitive_attributes": [],
          "private": "eyJlMmJmYjczMC1lY2FhLTExZTYtOGY4OC0zNDM2M2JjN2M0YzAiOnsiY3JlYXRlIjoyNDAwMDAwMDAwMDAsInJlYWQiOjI0MDAwMDAwMDAwMCwidXBkYXRlIjoyNDAwMDAwMDAwMDB9fQ=="
        }
      ]
    },
    {
      "mode": "managed",
      "type": "google_storage_bucket",
      "name": "input_bucket",
      "provider": "provider[\"registry.terraform.io/hashicorp/google\"]",
      "instances": [
        {
          "schema_version": 0,
          "attributes": {
            "cors": [],
            "default_event_based_hold": false,
            "encryption": [],
            "force_destroy": false,
            "id": "my-test-project-364606-input1",
            "labels": {},
            "lifecycle_rule": [],
            "location": "EUROPE-WEST1",
            "logging": [],
            "name": "my-test-project-364606-input1",
            "project": "my-test-project-364606",
            "requester_pays": false,
            "retention_policy": [],
            "self_link": "https://www.googleapis.com/storage/v1/b/my-test-project-364606-input1",
            "storage_class": "STANDARD",
            "timeouts": null,
            "uniform_bucket_level_access": false,
            "url": "gs://my-test-project-364606-input1",
            "versioning": [],
            "website": []
          },
          "sensitive_attributes": [],
          "private": "eyJlMmJmYjczMC1lY2FhLTExZTYtOGY4OC0zNDM2M2JjN2M0YzAiOnsiY3JlYXRlIjoyNDAwMDAwMDAwMDAsInJlYWQiOjI0MDAwMDAwMDAwMCwidXBkYXRlIjoyNDAwMDAwMDAwMDB9fQ=="
        }
      ]
    },
    {
      "mode": "managed",
      "type": "google_storage_bucket_object",
      "name": "zip",
      "provider": "provider[\"registry.terraform.io/hashicorp/google\"]",
      "instances": [
        {
          "schema_version": 0,
          "attributes": {
            "bucket": "my-test-project-364606-function1",
            "cache_control": "",
            "content": null,
            "content_disposition": "",
            "content_encoding": "",
            "content_language": "",
            "content_type": "application/zip",
            "crc32c": "g9Z6qw==",
            "customer_encryption": [],
            "detect_md5hash": "m1eFSPShETzPqVfSUyigWw==",
            "event_based_hold": false,
            "id": "my-test-project-364606-function1-src-9b578548f4a1113ccfa957d25328a05b.zip",
            "kms_key_name": "",
            "md5hash": "m1eFSPShETzPqVfSUyigWw==",
            "media_link": "https://storage.googleapis.com/download/storage/v1/b/my-test-project-364606-function1/o/src-9b578548f4a1113ccfa957d25328a05b.zip?generation=1664973739593585\u0026alt=media",
            "metadata": null,
            "name": "src-9b578548f4a1113ccfa957d25328a05b.zip",
            "output_name": "src-9b578548f4a1113ccfa957d25328a05b.zip",
            "self_link": "https://www.googleapis.com/storage/v1/b/my-test-project-364606-function1/o/src-9b578548f4a1113ccfa957d25328a05b.zip",
            "source": "/tmp/function.zip",
            "storage_class": "STANDARD",
            "temporary_hold": false,
            "timeouts": null
          },
          "sensitive_attributes": [],
          "private": "eyJlMmJmYjczMC1lY2FhLTExZTYtOGY4OC0zNDM2M2JjN2M0YzAiOnsiY3JlYXRlIjoyNDAwMDAwMDAwMDAsImRlbGV0ZSI6MjQwMDAwMDAwMDAwLCJ1cGRhdGUiOjI0MDAwMDAwMDAwMH19",
          "dependencies": [
            "data.archive_file.source",
            "google_storage_bucket.function_bucket"
          ]
        }
      ]
    }
  ],
  "check_results": []
}
